
Microsoft Visual Studio Solution File, Format Version 12.00
# Visual Studio 2013
VisualStudioVersion = 12.0.31101.0
MinimumVisualStudioVersion = 10.0.40219.1
Project("{2150E333-8FDC-42A3-9474-1A3956D46DE8}") = "1. Clients", "1. Clients", "{352DDFFD-AF70-4D0D-B478-1278CF0D0823}"
EndProject
Project("{2150E333-8FDC-42A3-9474-1A3956D46DE8}") = "2. Managers", "2. Managers", "{28E4B4D1-4A3C-43B4-AE67-41537A01F1CD}"
EndProject
Project("{2150E333-8FDC-42A3-9474-1A3956D46DE8}") = "3. Engines", "3. Engines", "{8BFA7216-32BC-433A-A15D-B9BF0366A4AC}"
EndProject
Project("{2150E333-8FDC-42A3-9474-1A3956D46DE8}") = "4. Accessors", "4. Accessors", "{4E337FF8-7A0A-40D7-B0D7-75C4723223F0}"
EndProject
Project("{2150E333-8FDC-42A3-9474-1A3956D46DE8}") = "5. Shared", "5. Shared", "{5579FE20-32D0-423B-8345-22942B52B885}"
EndProject
Project("{2150E333-8FDC-42A3-9474-1A3956D46DE8}") = "6. Database", "6. Database", "{892F6653-5EBC-4DAE-AAA0-8B7F3A1C8545}"
EndProject
Project("{2150E333-8FDC-42A3-9474-1A3956D46DE8}") = "9. Tests", "9. Tests", "{7D941018-F0C5-46DE-862F-91F6D58FF3A2}"
EndProject
Project("{FAE04EC0-301F-11D3-BF4B-00C04F79EFBC}") = "Payroll.Managers", "Payroll.Managers\Payroll.Managers.csproj", "{A2487BA9-EA96-4C57-BE1D-3DD627AC19B1}"
EndProject
Project("{FAE04EC0-301F-11D3-BF4B-00C04F79EFBC}") = "Payroll.Engines", "Payroll.Engines\Payroll.Engines.csproj", "{7B72C60D-7B65-4905-B2C7-FE4258E7AA66}"
EndProject
Project("{FAE04EC0-301F-11D3-BF4B-00C04F79EFBC}") = "Payroll.Accessors", "Payroll.Accessors\Payroll.Accessors.csproj", "{A3745E09-A973-4C93-A2FA-9D60CEFE2925}"
EndProject
Project("{FAE04EC0-301F-11D3-BF4B-00C04F79EFBC}") = "Payroll.Shared", "Payroll.Shared\Payroll.Shared.csproj", "{2D1BE234-E2C8-44A2-9E6B-96FB6D9C927D}"
EndProject
Project("{FAE04EC0-301F-11D3-BF4B-00C04F79EFBC}") = "Payroll.Tests.ManagerTests", "Payroll.Tests.ManagerTests\Payroll.Tests.ManagerTests.csproj", "{664C1FE6-4333-41E1-8BF4-E8F8E9E653A6}"
EndProject
Project("{FAE04EC0-301F-11D3-BF4B-00C04F79EFBC}") = "Payroll.Tests.EngineTests", "PayrollTests.EngineTests\Payroll.Tests.EngineTests.csproj", "{6DAD4A84-5F80-4A55-89B1-CE0594D748DC}"
EndProject
Project("{FAE04EC0-301F-11D3-BF4B-00C04F79EFBC}") = "Payroll.Tests.AccessorTests", "Payroll.Tests.AccessorTests\Payroll.Tests.AccessorTests.csproj", "{EC7C7B6D-5886-417E-9EF6-4282A508CD1F}"
EndProject
Global
	GlobalSection(SolutionConfigurationPlatforms) = preSolution
		Debug|Any CPU = Debug|Any CPU
		Release|Any CPU = Release|Any CPU
	EndGlobalSection
	GlobalSection(ProjectConfigurationPlatforms) = postSolution
		{A2487BA9-EA96-4C57-BE1D-3DD627AC19B1}.Debug|Any CPU.ActiveCfg = Debug|Any CPU
		{A2487BA9-EA96-4C57-BE1D-3DD627AC19B1}.Debug|Any CPU.Build.0 = Debug|Any CPU
		{A2487BA9-EA96-4C57-BE1D-3DD627AC19B1}.Release|Any CPU.ActiveCfg = Release|Any CPU
		{A2487BA9-EA96-4C57-BE1D-3DD627AC19B1}.Release|Any CPU.Build.0 = Release|Any CPU
		{7B72C60D-7B65-4905-B2C7-FE4258E7AA66}.Debug|Any CPU.ActiveCfg = Debug|Any CPU
		{7B72C60D-7B65-4905-B2C7-FE4258E7AA66}.Debug|Any CPU.Build.0 = Debug|Any CPU
		{7B72C60D-7B65-4905-B2C7-FE4258E7AA66}.Release|Any CPU.ActiveCfg = Release|Any CPU
		{7B72C60D-7B65-4905-B2C7-FE4258E7AA66}.Release|Any CPU.Build.0 = Release|Any CPU
		{A3745E09-A973-4C93-A2FA-9D60CEFE2925}.Debug|Any CPU.ActiveCfg = Debug|Any CPU
		{A3745E09-A973-4C93-A2FA-9D60CEFE2925}.Debug|Any CPU.Build.0 = Debug|Any CPU
		{A3745E09-A973-4C93-A2FA-9D60CEFE2925}.Release|Any CPU.ActiveCfg = Release|Any CPU
		{A3745E09-A973-4C93-A2FA-9D60CEFE2925}.Release|Any CPU.Build.0 = Release|Any CPU
		{2D1BE234-E2C8-44A2-9E6B-96FB6D9C927D}.Debug|Any CPU.ActiveCfg = Debug|Any CPU
		{2D1BE234-E2C8-44A2-9E6B-96FB6D9C927D}.Debug|Any CPU.Build.0 = Debug|Any CPU
		{2D1BE234-E2C8-44A2-9E6B-96FB6D9C927D}.Release|Any CPU.ActiveCfg = Release|Any CPU
		{2D1BE234-E2C8-44A2-9E6B-96FB6D9C927D}.Release|Any CPU.Build.0 = Release|Any CPU
		{664C1FE6-4333-41E1-8BF4-E8F8E9E653A6}.Debug|Any CPU.ActiveCfg = Debug|Any CPU
		{664C1FE6-4333-41E1-8BF4-E8F8E9E653A6}.Debug|Any CPU.Build.0 = Debug|Any CPU
		{664C1FE6-4333-41E1-8BF4-E8F8E9E653A6}.Release|Any CPU.ActiveCfg = Release|Any CPU
		{664C1FE6-4333-41E1-8BF4-E8F8E9E653A6}.Release|Any CPU.Build.0 = Release|Any CPU
		{6DAD4A84-5F80-4A55-89B1-CE0594D748DC}.Debug|Any CPU.ActiveCfg = Debug|Any CPU
		{6DAD4A84-5F80-4A55-89B1-CE0594D748DC}.Debug|Any CPU.Build.0 = Debug|Any CPU
		{6DAD4A84-5F80-4A55-89B1-CE0594D748DC}.Release|Any CPU.ActiveCfg = Release|Any CPU
		{6DAD4A84-5F80-4A55-89B1-CE0594D748DC}.Release|Any CPU.Build.0 = Release|Any CPU
		{EC7C7B6D-5886-417E-9EF6-4282A508CD1F}.Debug|Any CPU.ActiveCfg = Debug|Any CPU
		{EC7C7B6D-5886-417E-9EF6-4282A508CD1F}.Debug|Any CPU.Build.0 = Debug|Any CPU
		{EC7C7B6D-5886-417E-9EF6-4282A508CD1F}.Release|Any CPU.ActiveCfg = Release|Any CPU
		{EC7C7B6D-5886-417E-9EF6-4282A508CD1F}.Release|Any CPU.Build.0 = Release|Any CPU
	EndGlobalSection
	GlobalSection(SolutionProperties) = preSolution
		HideSolutionNode = FALSE
	EndGlobalSection
	GlobalSection(NestedProjects) = preSolution
		{A2487BA9-EA96-4C57-BE1D-3DD627AC19B1} = {28E4B4D1-4A3C-43B4-AE67-41537A01F1CD}
		{7B72C60D-7B65-4905-B2C7-FE4258E7AA66} = {8BFA7216-32BC-433A-A15D-B9BF0366A4AC}
		{A3745E09-A973-4C93-A2FA-9D60CEFE2925} = {4E337FF8-7A0A-40D7-B0D7-75C4723223F0}
		{2D1BE234-E2C8-44A2-9E6B-96FB6D9C927D} = {5579FE20-32D0-423B-8345-22942B52B885}
		{664C1FE6-4333-41E1-8BF4-E8F8E9E653A6} = {7D941018-F0C5-46DE-862F-91F6D58FF3A2}
		{6DAD4A84-5F80-4A55-89B1-CE0594D748DC} = {7D941018-F0C5-46DE-862F-91F6D58FF3A2}
		{EC7C7B6D-5886-417E-9EF6-4282A508CD1F} = {7D941018-F0C5-46DE-862F-91F6D58FF3A2}
	EndGlobalSection
EndGlobal
